{
  "pins" : [
    {
      "identity" : "aws-sdk-ios-spm",
      "kind" : "remoteSourceControl",
      "location" : "https://github.com/aws-amplify/aws-sdk-ios-spm",
      "state" : {
        "revision" : "512a43ed2770957d40618ad415a9826e6dd99ea9",
        "version" : "2.40.1"
      }
    },
    {
      "identity" : "blog",
      "kind" : "remoteSourceControl",
      "location" : "https://github.com/Buza/BLog.git",
      "state" : {
        "revision" : "71ef8a08aefe924f5bd9862701c015efe7edc1d7",
        "version" : "1.0.2"
      }
    }
  ],
  "version" : 2
}
