{
  "originHash" : "6b0d2efbd239dacf8c542fb43a0f301e2294628865c0aba5ba9011601d5ea7e9",
  "pins" : [
    {
      "identity" : "authapicore",
      "kind" : "remoteSourceControl",
      "location" : "git@github.com:Buza/AuthAPICore.git",
      "state" : {
        "branch" : "main",
        "revision" : "9c9ee3a0be6976e3aa9c69d1097533f32975fcbb"
      }
    },
    {
      "identity" : "aws-sdk-ios-spm",
      "kind" : "remoteSourceControl",
      "location" : "https://github.com/aws-amplify/aws-sdk-ios-spm",
      "state" : {
        "revision" : "512a43ed2770957d40618ad415a9826e6dd99ea9",
        "version" : "2.40.1"
      }
    },
    {
      "identity" : "blog",
      "kind" : "remoteSourceControl",
      "location" : "https://github.com/Buza/BLog.git",
      "state" : {
        "branch" : "main",
        "revision" : "8f7c21269bb53dfdc506dd76311c51150503f1ba"
      }
    }
  ],
  "version" : 3
}
